// !$*UTF8*$!
{
	archiveVersion = 1;
	classes = {
	};
	objectVersion = 77;
	objects = {

/* Begin PBXFileReference section */
		AA3363B12D065F1500CB1C54 /* lunasvg.xcodeproj */ = {isa = PBXFileReference; lastKnownFileType = "wrapper.pb-project"; path = lunasvg.xcodeproj; sourceTree = "<group>"; };
		AA3C15742D03219200018073 /* lunasvg.xcodeproj */ = {isa = PBXFileReference; lastKnownFileType = "wrapper.pb-project"; path = lunasvg.xcodeproj; sourceTree = "<group>"; };
		AA41F20F2CFC80280006D312 /* lunasvg.xcodeproj */ = {isa = PBXFileReference; lastKnownFileType = "wrapper.pb-project"; path = lunasvg.xcodeproj; sourceTree = "<group>"; };
		AA49BD8D2D033E78007EC97E /* lunasvg.xcodeproj */ = {isa = PBXFileReference; lastKnownFileType = "wrapper.pb-project"; path = lunasvg.xcodeproj; sourceTree = "<group>"; };
		AA67B0E62D030E760065AE76 /* lunasvg.xcodeproj */ = {isa = PBXFileReference; lastKnownFileType = "wrapper.pb-project"; path = lunasvg.xcodeproj; sourceTree = "<group>"; };
		AA72B9472D0320AD00B2625A /* lunasvg.xcodeproj */ = {isa = PBXFileReference; lastKnownFileType = "wrapper.pb-project"; path = lunasvg.xcodeproj; sourceTree = "<group>"; };
		AAACF8A62D05C43900C40779 /* lunasvg.xcodeproj */ = {isa = PBXFileReference; lastKnownFileType = "wrapper.pb-project"; path = lunasvg.xcodeproj; sourceTree = "<group>"; };
		AAAE4B852D00F32C00AEA4BA /* lunasvg.xcodeproj */ = {isa = PBXFileReference; lastKnownFileType = "wrapper.pb-project"; path = lunasvg.xcodeproj; sourceTree = "<group>"; };
		AACAA2022D031F7700457750 /* lunasvg.xcodeproj */ = {isa = PBXFileReference; lastKnownFileType = "wrapper.pb-project"; path = lunasvg.xcodeproj; sourceTree = "<group>"; };
		AAEB68E12CFBDDE7000D000A /* SearchClip.app */ = {isa = PBXFileReference; explicitFileType = wrapper.application; includeInIndex = 0; path = SearchClip.app; sourceTree = BUILT_PRODUCTS_DIR; };
		AAEB69492CFBDF8A000D000A /* lunasvg.xcodeproj */ = {isa = PBXFileReference; lastKnownFileType = "wrapper.pb-project"; path = lunasvg.xcodeproj; sourceTree = "<group>"; };
/* End PBXFileReference section */

/* Begin PBXFileSystemSynchronizedBuildFileExceptionSet section */
		AAAE4BD22D00FD5200AEA4BA /* Exceptions for "SearchClip" folder in "SearchClip" target */ = {
			isa = PBXFileSystemSynchronizedBuildFileExceptionSet;
			additionalCompilerFlagsByRelativePath = {
				"lunasvg/3rdparty/plutovg/plutovg-ft-math.c" = "-w";
				"lunasvg/3rdparty/plutovg/plutovg-ft-raster.c" = "-w";
			};
			membershipExceptions = (
				Info.plist,
			);
			target = AAEB68E02CFBDDE7000D000A /* SearchClip */;
		};
/* End PBXFileSystemSynchronizedBuildFileExceptionSet section */

/* Begin PBXFileSystemSynchronizedRootGroup section */
		AAEB68E32CFBDDE7000D000A /* SearchClip */ = {
			isa = PBXFileSystemSynchronizedRootGroup;
			exceptions = (
				AAAE4BD22D00FD5200AEA4BA /* Exceptions for "SearchClip" folder in "SearchClip" target */,
			);
			explicitFileTypes = {
				tlds.mm = sourcecode.cpp.objcpp;
			};
			path = SearchClip;
			sourceTree = "<group>";
		};
/* End PBXFileSystemSynchronizedRootGroup section */

/* Begin PBXFrameworksBuildPhase section */
		AAEB68DE2CFBDDE7000D000A /* Frameworks */ = {
			isa = PBXFrameworksBuildPhase;
			buildActionMask = 2147483647;
			files = (
			);
			runOnlyForDeploymentPostprocessing = 0;
		};
/* End PBXFrameworksBuildPhase section */

/* Begin PBXGroup section */
		AA3363C62D065F1500CB1C54 /* Products */ = {
			isa = PBXGroup;
			children = (
			);
			name = Products;
			sourceTree = "<group>";
		};
		AA3C15882D03219200018073 /* Products */ = {
			isa = PBXGroup;
			children = (
			);
			name = Products;
			sourceTree = "<group>";
		};
		AA41F2282CFC80280006D312 /* Products */ = {
			isa = PBXGroup;
			children = (
			);
			name = Products;
			sourceTree = "<group>";
		};
		AA49BDA12D033E78007EC97E /* Products */ = {
			isa = PBXGroup;
			children = (
			);
			name = Products;
			sourceTree = "<group>";
		};
		AA67B0FA2D030E760065AE76 /* Products */ = {
			isa = PBXGroup;
			children = (
			);
			name = Products;
			sourceTree = "<group>";
		};
		AA72B95B2D0320AD00B2625A /* Products */ = {
			isa = PBXGroup;
			children = (
			);
			name = Products;
			sourceTree = "<group>";
		};
		AAACF8BA2D05C43900C40779 /* Products */ = {
			isa = PBXGroup;
			children = (
			);
			name = Products;
			sourceTree = "<group>";
		};
		AAAE4B9E2D00F32C00AEA4BA /* Products */ = {
			isa = PBXGroup;
			children = (
			);
			name = Products;
			sourceTree = "<group>";
		};
		AACAA2162D031F7700457750 /* Products */ = {
			isa = PBXGroup;
			children = (
			);
			name = Products;
			sourceTree = "<group>";
		};
		AAEB68D82CFBDDE7000D000A = {
			isa = PBXGroup;
			children = (
				AAEB68E32CFBDDE7000D000A /* SearchClip */,
				AAEB68E22CFBDDE7000D000A /* Products */,
			);
			sourceTree = "<group>";
		};
		AAEB68E22CFBDDE7000D000A /* Products */ = {
			isa = PBXGroup;
			children = (
				AAEB68E12CFBDDE7000D000A /* SearchClip.app */,
			);
			name = Products;
			sourceTree = "<group>";
		};
		AAEB694C2CFBDF8A000D000A /* Products */ = {
			isa = PBXGroup;
			children = (
			);
			name = Products;
			sourceTree = "<group>";
		};
/* End PBXGroup section */

/* Begin PBXNativeTarget section */
		AAEB68E02CFBDDE7000D000A /* SearchClip */ = {
			isa = PBXNativeTarget;
			buildConfigurationList = AAEB68F12CFBDDE8000D000A /* Build configuration list for PBXNativeTarget "SearchClip" */;
			buildPhases = (
				AAEB68DD2CFBDDE7000D000A /* Sources */,
				AAEB68DE2CFBDDE7000D000A /* Frameworks */,
				AAEB68DF2CFBDDE7000D000A /* Resources */,
			);
			buildRules = (
			);
			dependencies = (
			);
			fileSystemSynchronizedGroups = (
				AAEB68E32CFBDDE7000D000A /* SearchClip */,
			);
			name = SearchClip;
			packageProductDependencies = (
			);
			productName = SearchClip;
			productReference = AAEB68E12CFBDDE7000D000A /* SearchClip.app */;
			productType = "com.apple.product-type.application";
		};
/* End PBXNativeTarget section */

/* Begin PBXProject section */
		AAEB68D92CFBDDE7000D000A /* Project object */ = {
			isa = PBXProject;
			attributes = {
				BuildIndependentTargetsInParallel = 1;
				LastUpgradeCheck = 1610;
				TargetAttributes = {
					AAEB68E02CFBDDE7000D000A = {
						CreatedOnToolsVersion = 16.1;
					};
				};
			};
			buildConfigurationList = AAEB68DC2CFBDDE7000D000A /* Build configuration list for PBXProject "SearchClip" */;
			developmentRegion = en;
			hasScannedForEncodings = 0;
			knownRegions = (
				en,
				Base,
			);
			mainGroup = AAEB68D82CFBDDE7000D000A;
			minimizedProjectReferenceProxies = 1;
			preferredProjectObjectVersion = 77;
			productRefGroup = AAEB68E22CFBDDE7000D000A /* Products */;
			projectDirPath = "";
			projectReferences = (
				{
					ProductGroup = AAACF8BA2D05C43900C40779 /* Products */;
					ProjectRef = AAACF8A62D05C43900C40779 /* lunasvg.xcodeproj */;
				},
				{
					ProductGroup = AA72B95B2D0320AD00B2625A /* Products */;
					ProjectRef = AA72B9472D0320AD00B2625A /* lunasvg.xcodeproj */;
				},
				{
					ProductGroup = AA41F2282CFC80280006D312 /* Products */;
					ProjectRef = AA41F20F2CFC80280006D312 /* lunasvg.xcodeproj */;
				},
				{
					ProductGroup = AA49BDA12D033E78007EC97E /* Products */;
					ProjectRef = AA49BD8D2D033E78007EC97E /* lunasvg.xcodeproj */;
				},
				{
					ProductGroup = AAAE4B9E2D00F32C00AEA4BA /* Products */;
					ProjectRef = AAAE4B852D00F32C00AEA4BA /* lunasvg.xcodeproj */;
				},
				{
					ProductGroup = AA67B0FA2D030E760065AE76 /* Products */;
					ProjectRef = AA67B0E62D030E760065AE76 /* lunasvg.xcodeproj */;
				},
				{
					ProductGroup = AACAA2162D031F7700457750 /* Products */;
					ProjectRef = AACAA2022D031F7700457750 /* lunasvg.xcodeproj */;
				},
				{
					ProductGroup = AA3C15882D03219200018073 /* Products */;
					ProjectRef = AA3C15742D03219200018073 /* lunasvg.xcodeproj */;
				},
				{
					ProductGroup = AAEB694C2CFBDF8A000D000A /* Products */;
					ProjectRef = AAEB69492CFBDF8A000D000A /* lunasvg.xcodeproj */;
				},
				{
					ProductGroup = AA3363C62D065F1500CB1C54 /* Products */;
					ProjectRef = AA3363B12D065F1500CB1C54 /* lunasvg.xcodeproj */;
				},
			);
			projectRoot = "";
			targets = (
				AAEB68E02CFBDDE7000D000A /* SearchClip */,
			);
		};
/* End PBXProject section */

/* Begin PBXResourcesBuildPhase section */
		AAEB68DF2CFBDDE7000D000A /* Resources */ = {
			isa = PBXResourcesBuildPhase;
			buildActionMask = 2147483647;
			files = (
			);
			runOnlyForDeploymentPostprocessing = 0;
		};
/* End PBXResourcesBuildPhase section */

/* Begin PBXSourcesBuildPhase section */
		AAEB68DD2CFBDDE7000D000A /* Sources */ = {
			isa = PBXSourcesBuildPhase;
			buildActionMask = 2147483647;
			files = (
			);
			runOnlyForDeploymentPostprocessing = 0;
		};
/* End PBXSourcesBuildPhase section */

/* Begin XCBuildConfiguration section */
		AAEB68EF2CFBDDE8000D000A /* Debug */ = {
			isa = XCBuildConfiguration;
			buildSettings = {
				ALWAYS_SEARCH_USER_PATHS = NO;
				ASSETCATALOG_COMPILER_GENERATE_SWIFT_ASSET_SYMBOL_EXTENSIONS = YES;
				CLANG_ANALYZER_NONNULL = YES;
				CLANG_ANALYZER_NUMBER_OBJECT_CONVERSION = YES_AGGRESSIVE;
				CLANG_CXX_LANGUAGE_STANDARD = "gnu++20";
				CLANG_ENABLE_MODULES = YES;
				CLANG_ENABLE_OBJC_ARC = YES;
				CLANG_ENABLE_OBJC_WEAK = YES;
				CLANG_WARN_BLOCK_CAPTURE_AUTORELEASING = YES;
				CLANG_WARN_BOOL_CONVERSION = YES;
				CLANG_WARN_COMMA = YES;
				CLANG_WARN_CONSTANT_CONVERSION = YES;
				CLANG_WARN_DEPRECATED_OBJC_IMPLEMENTATIONS = YES;
				CLANG_WARN_DIRECT_OBJC_ISA_USAGE = YES_ERROR;
				CLANG_WARN_DOCUMENTATION_COMMENTS = YES;
				CLANG_WARN_EMPTY_BODY = YES;
				CLANG_WARN_ENUM_CONVERSION = YES;
				CLANG_WARN_INFINITE_RECURSION = YES;
				CLANG_WARN_INT_CONVERSION = YES;
				CLANG_WARN_NON_LITERAL_NULL_CONVERSION = YES;
				CLANG_WARN_OBJC_IMPLICIT_RETAIN_SELF = YES;
				CLANG_WARN_OBJC_LITERAL_CONVERSION = YES;
				CLANG_WARN_OBJC_ROOT_CLASS = YES_ERROR;
				CLANG_WARN_QUOTED_INCLUDE_IN_FRAMEWORK_HEADER = YES;
				CLANG_WARN_RANGE_LOOP_ANALYSIS = YES;
				CLANG_WARN_STRICT_PROTOTYPES = YES;
				CLANG_WARN_SUSPICIOUS_MOVE = YES;
				CLANG_WARN_UNGUARDED_AVAILABILITY = YES_AGGRESSIVE;
				CLANG_WARN_UNREACHABLE_CODE = YES;
				CLANG_WARN__DUPLICATE_METHOD_MATCH = YES;
				COPY_PHASE_STRIP = NO;
				DEBUG_INFORMATION_FORMAT = dwarf;
				ENABLE_STRICT_OBJC_MSGSEND = YES;
				ENABLE_TESTABILITY = YES;
				ENABLE_USER_SCRIPT_SANDBOXING = YES;
				GCC_C_LANGUAGE_STANDARD = gnu17;
				GCC_DYNAMIC_NO_PIC = NO;
				GCC_NO_COMMON_BLOCKS = YES;
				GCC_OPTIMIZATION_LEVEL = 0;
				GCC_PREPROCESSOR_DEFINITIONS = (
					"DEBUG=1",
					"$(inherited)",
				);
				GCC_WARN_64_TO_32_BIT_CONVERSION = YES;
				GCC_WARN_ABOUT_RETURN_TYPE = YES_ERROR;
				GCC_WARN_UNDECLARED_SELECTOR = YES;
				GCC_WARN_UNINITIALIZED_AUTOS = YES_AGGRESSIVE;
				GCC_WARN_UNUSED_FUNCTION = YES;
				GCC_WARN_UNUSED_VARIABLE = YES;
				LOCALIZATION_PREFERS_STRING_CATALOGS = YES;
				MACOSX_DEPLOYMENT_TARGET = 13.5;
				MTL_ENABLE_DEBUG_INFO = INCLUDE_SOURCE;
				MTL_FAST_MATH = YES;
				ONLY_ACTIVE_ARCH = YES;
				SDKROOT = macosx;
			};
			name = Debug;
		};
		AAEB68F02CFBDDE8000D000A /* Release */ = {
			isa = XCBuildConfiguration;
			buildSettings = {
				ALWAYS_SEARCH_USER_PATHS = NO;
				ASSETCATALOG_COMPILER_GENERATE_SWIFT_ASSET_SYMBOL_EXTENSIONS = YES;
				CLANG_ANALYZER_NONNULL = YES;
				CLANG_ANALYZER_NUMBER_OBJECT_CONVERSION = YES_AGGRESSIVE;
				CLANG_CXX_LANGUAGE_STANDARD = "gnu++20";
				CLANG_ENABLE_MODULES = YES;
				CLANG_ENABLE_OBJC_ARC = YES;
				CLANG_ENABLE_OBJC_WEAK = YES;
				CLANG_WARN_BLOCK_CAPTURE_AUTORELEASING = YES;
				CLANG_WARN_BOOL_CONVERSION = YES;
				CLANG_WARN_COMMA = YES;
				CLANG_WARN_CONSTANT_CONVERSION = YES;
				CLANG_WARN_DEPRECATED_OBJC_IMPLEMENTATIONS = YES;
				CLANG_WARN_DIRECT_OBJC_ISA_USAGE = YES_ERROR;
				CLANG_WARN_DOCUMENTATION_COMMENTS = YES;
				CLANG_WARN_EMPTY_BODY = YES;
				CLANG_WARN_ENUM_CONVERSION = YES;
				CLANG_WARN_INFINITE_RECURSION = YES;
				CLANG_WARN_INT_CONVERSION = YES;
				CLANG_WARN_NON_LITERAL_NULL_CONVERSION = YES;
				CLANG_WARN_OBJC_IMPLICIT_RETAIN_SELF = YES;
				CLANG_WARN_OBJC_LITERAL_CONVERSION = YES;
				CLANG_WARN_OBJC_ROOT_CLASS = YES_ERROR;
				CLANG_WARN_QUOTED_INCLUDE_IN_FRAMEWORK_HEADER = YES;
				CLANG_WARN_RANGE_LOOP_ANALYSIS = YES;
				CLANG_WARN_STRICT_PROTOTYPES = YES;
				CLANG_WARN_SUSPICIOUS_MOVE = YES;
				CLANG_WARN_UNGUARDED_AVAILABILITY = YES_AGGRESSIVE;
				CLANG_WARN_UNREACHABLE_CODE = YES;
				CLANG_WARN__DUPLICATE_METHOD_MATCH = YES;
				COPY_PHASE_STRIP = NO;
				DEBUG_INFORMATION_FORMAT = "dwarf-with-dsym";
				ENABLE_NS_ASSERTIONS = NO;
				ENABLE_STRICT_OBJC_MSGSEND = YES;
				ENABLE_USER_SCRIPT_SANDBOXING = YES;
				GCC_C_LANGUAGE_STANDARD = gnu17;
				GCC_NO_COMMON_BLOCKS = YES;
				GCC_WARN_64_TO_32_BIT_CONVERSION = YES;
				GCC_WARN_ABOUT_RETURN_TYPE = YES_ERROR;
				GCC_WARN_UNDECLARED_SELECTOR = YES;
				GCC_WARN_UNINITIALIZED_AUTOS = YES_AGGRESSIVE;
				GCC_WARN_UNUSED_FUNCTION = YES;
				GCC_WARN_UNUSED_VARIABLE = YES;
				LOCALIZATION_PREFERS_STRING_CATALOGS = YES;
				MACOSX_DEPLOYMENT_TARGET = 13.5;
				MTL_ENABLE_DEBUG_INFO = NO;
				MTL_FAST_MATH = YES;
				SDKROOT = macosx;
			};
			name = Release;
		};
		AAEB68F22CFBDDE8000D000A /* Debug */ = {
			isa = XCBuildConfiguration;
			buildSettings = {
				ASSETCATALOG_COMPILER_APPICON_NAME = AppIcon;
				ASSETCATALOG_COMPILER_GLOBAL_ACCENT_COLOR_NAME = AccentColor;
				CODE_SIGN_ENTITLEMENTS = SearchClip/SearchClip.entitlements;
				CODE_SIGN_IDENTITY = "Apple Development";
				"CODE_SIGN_IDENTITY[sdk=macosx*]" = "Apple Development";
				CODE_SIGN_STYLE = Automatic;
				COMBINE_HIDPI_IMAGES = YES;
				CURRENT_PROJECT_VERSION = 1;
				DEVELOPMENT_TEAM = 6395H7R8WV;
				GENERATE_INFOPLIST_FILE = YES;
				INFOPLIST_FILE = SearchClip/Info.plist;
				INFOPLIST_KEY_CFBundleDisplayName = SearchClip;
				INFOPLIST_KEY_LSApplicationCategoryType = "public.app-category.utilities";
				INFOPLIST_KEY_NSHumanReadableCopyright = "(c) 2024 C.H.Skilbeck";
				INFOPLIST_KEY_NSMainNibFile = MainMenu;
				INFOPLIST_KEY_NSPrincipalClass = NSApplication;
				LD_RUNPATH_SEARCH_PATHS = (
					"$(inherited)",
					"@executable_path/../Frameworks",
				);
				MACOSX_DEPLOYMENT_TARGET = 14.6;
				MARKETING_VERSION = 1.0;
				PRODUCT_BUNDLE_IDENTIFIER = com.chs.searchclip;
				PRODUCT_NAME = "$(TARGET_NAME)";
				PROVISIONING_PROFILE_SPECIFIER = "";
				SWIFT_EMIT_LOC_STRINGS = YES;
			};
			name = Debug;
		};
		AAEB68F32CFBDDE8000D000A /* Release */ = {
			isa = XCBuildConfiguration;
			buildSettings = {
				ASSETCATALOG_COMPILER_APPICON_NAME = AppIcon;
				ASSETCATALOG_COMPILER_GLOBAL_ACCENT_COLOR_NAME = AccentColor;
				CODE_SIGN_ENTITLEMENTS = SearchClip/SearchClip.entitlements;
				CODE_SIGN_IDENTITY = "Apple Development";
				"CODE_SIGN_IDENTITY[sdk=macosx*]" = "Apple Development";
				CODE_SIGN_STYLE = Automatic;
				COMBINE_HIDPI_IMAGES = YES;
				CURRENT_PROJECT_VERSION = 1;
				DEVELOPMENT_TEAM = 6395H7R8WV;
				GENERATE_INFOPLIST_FILE = YES;
				INFOPLIST_FILE = SearchClip/Info.plist;
				INFOPLIST_KEY_CFBundleDisplayName = SearchClip;
				INFOPLIST_KEY_LSApplicationCategoryType = "public.app-category.utilities";
				INFOPLIST_KEY_NSHumanReadableCopyright = "(c) 2024 C.H.Skilbeck";
				INFOPLIST_KEY_NSMainNibFile = MainMenu;
				INFOPLIST_KEY_NSPrincipalClass = NSApplication;
				LD_RUNPATH_SEARCH_PATHS = (
					"$(inherited)",
					"@executable_path/../Frameworks",
				);
				MACOSX_DEPLOYMENT_TARGET = 14.6;
				MARKETING_VERSION = 1.0;
				PRODUCT_BUNDLE_IDENTIFIER = com.chs.searchclip;
				PRODUCT_NAME = "$(TARGET_NAME)";
				PROVISIONING_PROFILE_SPECIFIER = "";
				SWIFT_EMIT_LOC_STRINGS = YES;
			};
			name = Release;
		};
/* End XCBuildConfiguration section */

/* Begin XCConfigurationList section */
		AAEB68DC2CFBDDE7000D000A /* Build configuration list for PBXProject "SearchClip" */ = {
			isa = XCConfigurationList;
			buildConfigurations = (
				AAEB68EF2CFBDDE8000D000A /* Debug */,
				AAEB68F02CFBDDE8000D000A /* Release */,
			);
			defaultConfigurationIsVisible = 0;
			defaultConfigurationName = Release;
		};
		AAEB68F12CFBDDE8000D000A /* Build configuration list for PBXNativeTarget "SearchClip" */ = {
			isa = XCConfigurationList;
			buildConfigurations = (
				AAEB68F22CFBDDE8000D000A /* Debug */,
				AAEB68F32CFBDDE8000D000A /* Release */,
			);
			defaultConfigurationIsVisible = 0;
			defaultConfigurationName = Release;
		};
/* End XCConfigurationList section */
	};
	rootObject = AAEB68D92CFBDDE7000D000A /* Project object */;
}
